
Microsoft Visual Studio Solution File, Format Version 12.00
# Visual Studio Version 17
VisualStudioVersion = 17.14.36518.9 d17.14
MinimumVisualStudioVersion = 10.0.40219.1
Project("{FAE04EC0-301F-11D3-BF4B-00C04F79EFBC}") = "WebApplication2", "WebApplication2.csproj", "{A01D437C-041E-4EA3-8CDA-AF0A57BAFF17}"
EndProject
Global
	GlobalSection(SolutionConfigurationPlatforms) = preSolution
		Debug|Any CPU = Debug|Any CPU
		Release|Any CPU = Release|Any CPU
	EndGlobalSection
	GlobalSection(ProjectConfigurationPlatforms) = postSolution
		{A01D437C-041E-4EA3-8CDA-AF0A57BAFF17}.Debug|Any CPU.ActiveCfg = Debug|Any CPU
		{A01D437C-041E-4EA3-8CDA-AF0A57BAFF17}.Debug|Any CPU.Build.0 = Debug|Any CPU
		{A01D437C-041E-4EA3-8CDA-AF0A57BAFF17}.Release|Any CPU.ActiveCfg = Release|Any CPU
		{A01D437C-041E-4EA3-8CDA-AF0A57BAFF17}.Release|Any CPU.Build.0 = Release|Any CPU
	EndGlobalSection
	GlobalSection(SolutionProperties) = preSolution
		HideSolutionNode = FALSE
	EndGlobalSection
	GlobalSection(ExtensibilityGlobals) = postSolution
		SolutionGuid = {C9261428-E691-47EB-BB3B-B93F17961ED0}
	EndGlobalSection
EndGlobal
